
Microsoft Visual Studio Solution File, Format Version 12.00
# Visual Studio Version 17
VisualStudioVersion = 17.10.35027.167
MinimumVisualStudioVersion = 10.0.40219.1
Project("{FAE04EC0-301F-11D3-BF4B-00C04F79EFBC}") = "WindowsFormsApp1", "WindowsFormsApp1\WindowsFormsApp1.csproj", "{437FE34C-272A-4111-A9AC-E6C73157E4FD}"
EndProject
Project("{FAE04EC0-301F-11D3-BF4B-00C04F79EFBC}") = "PizzaProject", "PizzaProject\PizzaProject.csproj", "{BBE3751C-694F-4441-BC9E-A660F0FBD72E}"
EndProject
Project("{FAE04EC0-301F-11D3-BF4B-00C04F79EFBC}") = "PictureBoxExercise", "PictureBoxExercise\PictureBoxExercise.csproj", "{5B43EAC9-2AC2-4BDE-8424-173A04FD3586}"
EndProject
Project("{FAE04EC0-301F-11D3-BF4B-00C04F79EFBC}") = "Drawing", "Drawing\Drawing.csproj", "{86169937-4DCD-433B-8538-6A999236366B}"
EndProject
Project("{FAE04EC0-301F-11D3-BF4B-00C04F79EFBC}") = "MaskedTextBox", "MaskedTextBox\MaskedTextBox.csproj", "{CED4DF8F-161B-4CD7-8083-B44A617C9A56}"
EndProject
Project("{FAE04EC0-301F-11D3-BF4B-00C04F79EFBC}") = "ComboBox", "ComboBox\ComboBox.csproj", "{BEE8A17B-C49D-4152-AB65-EC4521AB140D}"
EndProject
Project("{FAE04EC0-301F-11D3-BF4B-00C04F79EFBC}") = "LinkLable", "LinkLable\LinkLable.csproj", "{70F1E514-6606-46E0-A4D2-26F3A8466821}"
EndProject
Project("{FAE04EC0-301F-11D3-BF4B-00C04F79EFBC}") = "CheckedListBox", "CheckedListBox\CheckedListBox.csproj", "{FCF71F45-16BA-4AD9-AF0C-0B0A3F108528}"
EndProject
Project("{FAE04EC0-301F-11D3-BF4B-00C04F79EFBC}") = "DateTimePicker", "DateTimePicker\DateTimePicker.csproj", "{FDBBC575-1DAC-4FA3-B7F4-A40F8D4516B7}"
EndProject
Project("{FAE04EC0-301F-11D3-BF4B-00C04F79EFBC}") = "MonthCalendar", "MonthCalendar\MonthCalendar.csproj", "{F1C70E9A-A1C9-400F-8B13-3838DDCB6F40}"
EndProject
Project("{FAE04EC0-301F-11D3-BF4B-00C04F79EFBC}") = "Timer", "Timer\Timer.csproj", "{A53E84F6-E538-4F8E-81FF-35AEA2F81131}"
EndProject
Project("{FAE04EC0-301F-11D3-BF4B-00C04F79EFBC}") = "NotifyIcon", "NotifyIcon\NotifyIcon.csproj", "{FAE3FA2C-0E22-432A-B02E-DB54385AAD64}"
EndProject
Project("{FAE04EC0-301F-11D3-BF4B-00C04F79EFBC}") = "TreeViewAndImageList", "TreeViewAndImageList\TreeViewAndImageList.csproj", "{9D0421B5-0269-4684-A8D9-3BBE1341E1BA}"
EndProject
Project("{FAE04EC0-301F-11D3-BF4B-00C04F79EFBC}") = "ProgressBar", "ProgressBar\ProgressBar.csproj", "{F6FD4DAD-475E-476B-B6B8-E739C772BA33}"
EndProject
Project("{FAE04EC0-301F-11D3-BF4B-00C04F79EFBC}") = "ListView", "ListView\ListView.csproj", "{0722F125-2C03-4366-A1D5-28729E600370}"
EndProject
Project("{FAE04EC0-301F-11D3-BF4B-00C04F79EFBC}") = "ErrorProvider", "ErrorProvider\ErrorProvider.csproj", "{EB59913D-BDD7-4567-883C-5BF3F99F0A71}"
EndProject
Project("{FAE04EC0-301F-11D3-BF4B-00C04F79EFBC}") = "TrackBar", "TrackBar\TrackBar.csproj", "{68606C84-0915-4BC0-92A9-7C6AF5E9F87D}"
EndProject
Project("{FAE04EC0-301F-11D3-BF4B-00C04F79EFBC}") = "NumericUpDown", "NumericUpDown\NumericUpDown.csproj", "{75D33AC0-DE8F-4B81-A9E1-A879D43CACC2}"
EndProject
Project("{FAE04EC0-301F-11D3-BF4B-00C04F79EFBC}") = "TabControl", "TabControl\TabControl.csproj", "{8D344021-CFD5-4F36-B6FF-35B2FE27240E}"
EndProject
Project("{FAE04EC0-301F-11D3-BF4B-00C04F79EFBC}") = "GroupBoxVsPanel", "GroupBoxVsPanel\GroupBoxVsPanel.csproj", "{EB15F8DE-C3BF-4FC8-A29E-0C87C2101557}"
EndProject
Global
	GlobalSection(SolutionConfigurationPlatforms) = preSolution
		Debug|Any CPU = Debug|Any CPU
		Release|Any CPU = Release|Any CPU
	EndGlobalSection
	GlobalSection(ProjectConfigurationPlatforms) = postSolution
		{437FE34C-272A-4111-A9AC-E6C73157E4FD}.Debug|Any CPU.ActiveCfg = Debug|Any CPU
		{437FE34C-272A-4111-A9AC-E6C73157E4FD}.Debug|Any CPU.Build.0 = Debug|Any CPU
		{437FE34C-272A-4111-A9AC-E6C73157E4FD}.Release|Any CPU.ActiveCfg = Release|Any CPU
		{437FE34C-272A-4111-A9AC-E6C73157E4FD}.Release|Any CPU.Build.0 = Release|Any CPU
		{BBE3751C-694F-4441-BC9E-A660F0FBD72E}.Debug|Any CPU.ActiveCfg = Debug|Any CPU
		{BBE3751C-694F-4441-BC9E-A660F0FBD72E}.Debug|Any CPU.Build.0 = Debug|Any CPU
		{BBE3751C-694F-4441-BC9E-A660F0FBD72E}.Release|Any CPU.ActiveCfg = Release|Any CPU
		{BBE3751C-694F-4441-BC9E-A660F0FBD72E}.Release|Any CPU.Build.0 = Release|Any CPU
		{5B43EAC9-2AC2-4BDE-8424-173A04FD3586}.Debug|Any CPU.ActiveCfg = Debug|Any CPU
		{5B43EAC9-2AC2-4BDE-8424-173A04FD3586}.Debug|Any CPU.Build.0 = Debug|Any CPU
		{5B43EAC9-2AC2-4BDE-8424-173A04FD3586}.Release|Any CPU.ActiveCfg = Release|Any CPU
		{5B43EAC9-2AC2-4BDE-8424-173A04FD3586}.Release|Any CPU.Build.0 = Release|Any CPU
		{86169937-4DCD-433B-8538-6A999236366B}.Debug|Any CPU.ActiveCfg = Debug|Any CPU
		{86169937-4DCD-433B-8538-6A999236366B}.Debug|Any CPU.Build.0 = Debug|Any CPU
		{86169937-4DCD-433B-8538-6A999236366B}.Release|Any CPU.ActiveCfg = Release|Any CPU
		{86169937-4DCD-433B-8538-6A999236366B}.Release|Any CPU.Build.0 = Release|Any CPU
		{CED4DF8F-161B-4CD7-8083-B44A617C9A56}.Debug|Any CPU.ActiveCfg = Debug|Any CPU
		{CED4DF8F-161B-4CD7-8083-B44A617C9A56}.Debug|Any CPU.Build.0 = Debug|Any CPU
		{CED4DF8F-161B-4CD7-8083-B44A617C9A56}.Release|Any CPU.ActiveCfg = Release|Any CPU
		{CED4DF8F-161B-4CD7-8083-B44A617C9A56}.Release|Any CPU.Build.0 = Release|Any CPU
		{BEE8A17B-C49D-4152-AB65-EC4521AB140D}.Debug|Any CPU.ActiveCfg = Debug|Any CPU
		{BEE8A17B-C49D-4152-AB65-EC4521AB140D}.Debug|Any CPU.Build.0 = Debug|Any CPU
		{BEE8A17B-C49D-4152-AB65-EC4521AB140D}.Release|Any CPU.ActiveCfg = Release|Any CPU
		{BEE8A17B-C49D-4152-AB65-EC4521AB140D}.Release|Any CPU.Build.0 = Release|Any CPU
		{70F1E514-6606-46E0-A4D2-26F3A8466821}.Debug|Any CPU.ActiveCfg = Debug|Any CPU
		{70F1E514-6606-46E0-A4D2-26F3A8466821}.Debug|Any CPU.Build.0 = Debug|Any CPU
		{70F1E514-6606-46E0-A4D2-26F3A8466821}.Release|Any CPU.ActiveCfg = Release|Any CPU
		{70F1E514-6606-46E0-A4D2-26F3A8466821}.Release|Any CPU.Build.0 = Release|Any CPU
		{FCF71F45-16BA-4AD9-AF0C-0B0A3F108528}.Debug|Any CPU.ActiveCfg = Debug|Any CPU
		{FCF71F45-16BA-4AD9-AF0C-0B0A3F108528}.Debug|Any CPU.Build.0 = Debug|Any CPU
		{FCF71F45-16BA-4AD9-AF0C-0B0A3F108528}.Release|Any CPU.ActiveCfg = Release|Any CPU
		{FCF71F45-16BA-4AD9-AF0C-0B0A3F108528}.Release|Any CPU.Build.0 = Release|Any CPU
		{FDBBC575-1DAC-4FA3-B7F4-A40F8D4516B7}.Debug|Any CPU.ActiveCfg = Debug|Any CPU
		{FDBBC575-1DAC-4FA3-B7F4-A40F8D4516B7}.Debug|Any CPU.Build.0 = Debug|Any CPU
		{FDBBC575-1DAC-4FA3-B7F4-A40F8D4516B7}.Release|Any CPU.ActiveCfg = Release|Any CPU
		{FDBBC575-1DAC-4FA3-B7F4-A40F8D4516B7}.Release|Any CPU.Build.0 = Release|Any CPU
		{F1C70E9A-A1C9-400F-8B13-3838DDCB6F40}.Debug|Any CPU.ActiveCfg = Debug|Any CPU
		{F1C70E9A-A1C9-400F-8B13-3838DDCB6F40}.Debug|Any CPU.Build.0 = Debug|Any CPU
		{F1C70E9A-A1C9-400F-8B13-3838DDCB6F40}.Release|Any CPU.ActiveCfg = Release|Any CPU
		{F1C70E9A-A1C9-400F-8B13-3838DDCB6F40}.Release|Any CPU.Build.0 = Release|Any CPU
		{A53E84F6-E538-4F8E-81FF-35AEA2F81131}.Debug|Any CPU.ActiveCfg = Debug|Any CPU
		{A53E84F6-E538-4F8E-81FF-35AEA2F81131}.Debug|Any CPU.Build.0 = Debug|Any CPU
		{A53E84F6-E538-4F8E-81FF-35AEA2F81131}.Release|Any CPU.ActiveCfg = Release|Any CPU
		{A53E84F6-E538-4F8E-81FF-35AEA2F81131}.Release|Any CPU.Build.0 = Release|Any CPU
		{FAE3FA2C-0E22-432A-B02E-DB54385AAD64}.Debug|Any CPU.ActiveCfg = Debug|Any CPU
		{FAE3FA2C-0E22-432A-B02E-DB54385AAD64}.Debug|Any CPU.Build.0 = Debug|Any CPU
		{FAE3FA2C-0E22-432A-B02E-DB54385AAD64}.Release|Any CPU.ActiveCfg = Release|Any CPU
		{FAE3FA2C-0E22-432A-B02E-DB54385AAD64}.Release|Any CPU.Build.0 = Release|Any CPU
		{9D0421B5-0269-4684-A8D9-3BBE1341E1BA}.Debug|Any CPU.ActiveCfg = Debug|Any CPU
		{9D0421B5-0269-4684-A8D9-3BBE1341E1BA}.Debug|Any CPU.Build.0 = Debug|Any CPU
		{9D0421B5-0269-4684-A8D9-3BBE1341E1BA}.Release|Any CPU.ActiveCfg = Release|Any CPU
		{9D0421B5-0269-4684-A8D9-3BBE1341E1BA}.Release|Any CPU.Build.0 = Release|Any CPU
		{F6FD4DAD-475E-476B-B6B8-E739C772BA33}.Debug|Any CPU.ActiveCfg = Debug|Any CPU
		{F6FD4DAD-475E-476B-B6B8-E739C772BA33}.Debug|Any CPU.Build.0 = Debug|Any CPU
		{F6FD4DAD-475E-476B-B6B8-E739C772BA33}.Release|Any CPU.ActiveCfg = Release|Any CPU
		{F6FD4DAD-475E-476B-B6B8-E739C772BA33}.Release|Any CPU.Build.0 = Release|Any CPU
		{0722F125-2C03-4366-A1D5-28729E600370}.Debug|Any CPU.ActiveCfg = Debug|Any CPU
		{0722F125-2C03-4366-A1D5-28729E600370}.Debug|Any CPU.Build.0 = Debug|Any CPU
		{0722F125-2C03-4366-A1D5-28729E600370}.Release|Any CPU.ActiveCfg = Release|Any CPU
		{0722F125-2C03-4366-A1D5-28729E600370}.Release|Any CPU.Build.0 = Release|Any CPU
		{EB59913D-BDD7-4567-883C-5BF3F99F0A71}.Debug|Any CPU.ActiveCfg = Debug|Any CPU
		{EB59913D-BDD7-4567-883C-5BF3F99F0A71}.Debug|Any CPU.Build.0 = Debug|Any CPU
		{EB59913D-BDD7-4567-883C-5BF3F99F0A71}.Release|Any CPU.ActiveCfg = Release|Any CPU
		{EB59913D-BDD7-4567-883C-5BF3F99F0A71}.Release|Any CPU.Build.0 = Release|Any CPU
		{68606C84-0915-4BC0-92A9-7C6AF5E9F87D}.Debug|Any CPU.ActiveCfg = Debug|Any CPU
		{68606C84-0915-4BC0-92A9-7C6AF5E9F87D}.Debug|Any CPU.Build.0 = Debug|Any CPU
		{68606C84-0915-4BC0-92A9-7C6AF5E9F87D}.Release|Any CPU.ActiveCfg = Release|Any CPU
		{68606C84-0915-4BC0-92A9-7C6AF5E9F87D}.Release|Any CPU.Build.0 = Release|Any CPU
		{75D33AC0-DE8F-4B81-A9E1-A879D43CACC2}.Debug|Any CPU.ActiveCfg = Debug|Any CPU
		{75D33AC0-DE8F-4B81-A9E1-A879D43CACC2}.Debug|Any CPU.Build.0 = Debug|Any CPU
		{75D33AC0-DE8F-4B81-A9E1-A879D43CACC2}.Release|Any CPU.ActiveCfg = Release|Any CPU
		{75D33AC0-DE8F-4B81-A9E1-A879D43CACC2}.Release|Any CPU.Build.0 = Release|Any CPU
		{8D344021-CFD5-4F36-B6FF-35B2FE27240E}.Debug|Any CPU.ActiveCfg = Debug|Any CPU
		{8D344021-CFD5-4F36-B6FF-35B2FE27240E}.Debug|Any CPU.Build.0 = Debug|Any CPU
		{8D344021-CFD5-4F36-B6FF-35B2FE27240E}.Release|Any CPU.ActiveCfg = Release|Any CPU
		{8D344021-CFD5-4F36-B6FF-35B2FE27240E}.Release|Any CPU.Build.0 = Release|Any CPU
		{EB15F8DE-C3BF-4FC8-A29E-0C87C2101557}.Debug|Any CPU.ActiveCfg = Debug|Any CPU
		{EB15F8DE-C3BF-4FC8-A29E-0C87C2101557}.Debug|Any CPU.Build.0 = Debug|Any CPU
		{EB15F8DE-C3BF-4FC8-A29E-0C87C2101557}.Release|Any CPU.ActiveCfg = Release|Any CPU
		{EB15F8DE-C3BF-4FC8-A29E-0C87C2101557}.Release|Any CPU.Build.0 = Release|Any CPU
	EndGlobalSection
	GlobalSection(SolutionProperties) = preSolution
		HideSolutionNode = FALSE
	EndGlobalSection
	GlobalSection(ExtensibilityGlobals) = postSolution
		SolutionGuid = {672618CD-6D73-4660-8F64-2B0C9E6786BF}
	EndGlobalSection
EndGlobal
